
Microsoft Visual Studio Solution File, Format Version 12.00
# Visual Studio Version 16
VisualStudioVersion = 16.0.31205.134
MinimumVisualStudioVersion = 10.0.40219.1
Project("{9A19103F-16F7-4668-BE54-9A1E7A4F7556}") = "dotNetLab2", "dotNetLab2.csproj", "{956C3AC3-F2F2-4948-8983-C5DD80F7B9F8}"
EndProject
Project("{FAE04EC0-301F-11D3-BF4B-00C04F79EFBC}") = "Tests", "..\Tests\Tests.csproj", "{E598B82D-DB28-4064-82D2-CEE8E549D176}"
EndProject
Global
	GlobalSection(SolutionConfigurationPlatforms) = preSolution
		Debug|Any CPU = Debug|Any CPU
		Release|Any CPU = Release|Any CPU
	EndGlobalSection
	GlobalSection(ProjectConfigurationPlatforms) = postSolution
		{956C3AC3-F2F2-4948-8983-C5DD80F7B9F8}.Debug|Any CPU.ActiveCfg = Debug|Any CPU
		{956C3AC3-F2F2-4948-8983-C5DD80F7B9F8}.Debug|Any CPU.Build.0 = Debug|Any CPU
		{956C3AC3-F2F2-4948-8983-C5DD80F7B9F8}.Release|Any CPU.ActiveCfg = Release|Any CPU
		{956C3AC3-F2F2-4948-8983-C5DD80F7B9F8}.Release|Any CPU.Build.0 = Release|Any CPU
		{E598B82D-DB28-4064-82D2-CEE8E549D176}.Debug|Any CPU.ActiveCfg = Debug|Any CPU
		{E598B82D-DB28-4064-82D2-CEE8E549D176}.Debug|Any CPU.Build.0 = Debug|Any CPU
		{E598B82D-DB28-4064-82D2-CEE8E549D176}.Release|Any CPU.ActiveCfg = Release|Any CPU
		{E598B82D-DB28-4064-82D2-CEE8E549D176}.Release|Any CPU.Build.0 = Release|Any CPU
	EndGlobalSection
	GlobalSection(SolutionProperties) = preSolution
		HideSolutionNode = FALSE
	EndGlobalSection
	GlobalSection(ExtensibilityGlobals) = postSolution
		SolutionGuid = {D84D5510-0413-41FB-B281-C06BE5894FDD}
	EndGlobalSection
EndGlobal
